// !$*UTF8*$!
{
	archiveVersion = 1;
	classes = {
	};
	objectVersion = 50;
	objects = {

/* Begin PBXBuildFile section */
		CCE5D3C323BF3AD9007298EC /* AppDelegate.m in Sources */ = {isa = PBXBuildFile; fileRef = CCE5D3C223BF3AD9007298EC /* AppDelegate.m */; };
		CCE5D3C523BF3AD9007298EC /* art.scnassets in Resources */ = {isa = PBXBuildFile; fileRef = CCE5D3C423BF3AD9007298EC /* art.scnassets */; };
		CCE5D3C823BF3AD9007298EC /* GameViewController.m in Sources */ = {isa = PBXBuildFile; fileRef = CCE5D3C723BF3AD9007298EC /* GameViewController.m */; };
		CCE5D3CB23BF3AD9007298EC /* Main.storyboard in Resources */ = {isa = PBXBuildFile; fileRef = CCE5D3C923BF3AD9007298EC /* Main.storyboard */; };
		CCE5D3CD23BF3ADA007298EC /* Assets.xcassets in Resources */ = {isa = PBXBuildFile; fileRef = CCE5D3CC23BF3ADA007298EC /* Assets.xcassets */; };
		CCE5D3D023BF3ADA007298EC /* LaunchScreen.storyboard in Resources */ = {isa = PBXBuildFile; fileRef = CCE5D3CE23BF3ADA007298EC /* LaunchScreen.storyboard */; };
		CCE5D3D323BF3ADA007298EC /* main.m in Sources */ = {isa = PBXBuildFile; fileRef = CCE5D3D223BF3ADA007298EC /* main.m */; };
		CCE5D3DF23BF3B27007298EC /* node.plist in Resources */ = {isa = PBXBuildFile; fileRef = CCE5D3DA23BF3B27007298EC /* node.plist */; };
		CCE5D3E023BF3B27007298EC /* HWCustomSlider.m in Sources */ = {isa = PBXBuildFile; fileRef = CCE5D3DD23BF3B27007298EC /* HWCustomSlider.m */; };
		CCE5D3E123BF3B27007298EC /* MyNode.m in Sources */ = {isa = PBXBuildFile; fileRef = CCE5D3DE23BF3B27007298EC /* MyNode.m */; };
/* End PBXBuildFile section */

/* Begin PBXFileReference section */
		CCE5D3BE23BF3AD9007298EC /* SceneKit_3DRobot_Control.app */ = {isa = PBXFileReference; explicitFileType = wrapper.application; includeInIndex = 0; path = SceneKit_3DRobot_Control.app; sourceTree = BUILT_PRODUCTS_DIR; };
		CCE5D3C123BF3AD9007298EC /* AppDelegate.h */ = {isa = PBXFileReference; lastKnownFileType = sourcecode.c.h; path = AppDelegate.h; sourceTree = "<group>"; };
		CCE5D3C223BF3AD9007298EC /* AppDelegate.m */ = {isa = PBXFileReference; lastKnownFileType = sourcecode.c.objc; path = AppDelegate.m; sourceTree = "<group>"; };
		CCE5D3C423BF3AD9007298EC /* art.scnassets */ = {isa = PBXFileReference; lastKnownFileType = wrapper.scnassets; path = art.scnassets; sourceTree = "<group>"; };
		CCE5D3C623BF3AD9007298EC /* GameViewController.h */ = {isa = PBXFileReference; lastKnownFileType = sourcecode.c.h; path = GameViewController.h; sourceTree = "<group>"; };
		CCE5D3C723BF3AD9007298EC /* GameViewController.m */ = {isa = PBXFileReference; lastKnownFileType = sourcecode.c.objc; path = GameViewController.m; sourceTree = "<group>"; };
		CCE5D3CA23BF3AD9007298EC /* Base */ = {isa = PBXFileReference; lastKnownFileType = file.storyboard; name = Base; path = Base.lproj/Main.storyboard; sourceTree = "<group>"; };
		CCE5D3CC23BF3ADA007298EC /* Assets.xcassets */ = {isa = PBXFileReference; lastKnownFileType = folder.assetcatalog; path = Assets.xcassets; sourceTree = "<group>"; };
		CCE5D3CF23BF3ADA007298EC /* Base */ = {isa = PBXFileReference; lastKnownFileType = file.storyboard; name = Base; path = Base.lproj/LaunchScreen.storyboard; sourceTree = "<group>"; };
		CCE5D3D123BF3ADA007298EC /* Info.plist */ = {isa = PBXFileReference; lastKnownFileType = text.plist.xml; path = Info.plist; sourceTree = "<group>"; };
		CCE5D3D223BF3ADA007298EC /* main.m */ = {isa = PBXFileReference; lastKnownFileType = sourcecode.c.objc; path = main.m; sourceTree = "<group>"; };
		CCE5D3DA23BF3B27007298EC /* node.plist */ = {isa = PBXFileReference; fileEncoding = 4; lastKnownFileType = text.plist.xml; path = node.plist; sourceTree = "<group>"; };
		CCE5D3DB23BF3B27007298EC /* MyNode.h */ = {isa = PBXFileReference; fileEncoding = 4; lastKnownFileType = sourcecode.c.h; path = MyNode.h; sourceTree = "<group>"; };
		CCE5D3DC23BF3B27007298EC /* HWCustomSlider.h */ = {isa = PBXFileReference; fileEncoding = 4; lastKnownFileType = sourcecode.c.h; path = HWCustomSlider.h; sourceTree = "<group>"; };
		CCE5D3DD23BF3B27007298EC /* HWCustomSlider.m */ = {isa = PBXFileReference; fileEncoding = 4; lastKnownFileType = sourcecode.c.objc; path = HWCustomSlider.m; sourceTree = "<group>"; };
		CCE5D3DE23BF3B27007298EC /* MyNode.m */ = {isa = PBXFileReference; fileEncoding = 4; lastKnownFileType = sourcecode.c.objc; path = MyNode.m; sourceTree = "<group>"; };
/* End PBXFileReference section */

/* Begin PBXFrameworksBuildPhase section */
		CCE5D3BB23BF3AD9007298EC /* Frameworks */ = {
			isa = PBXFrameworksBuildPhase;
			buildActionMask = 2147483647;
			files = (
			);
			runOnlyForDeploymentPostprocessing = 0;
		};
/* End PBXFrameworksBuildPhase section */

/* Begin PBXGroup section */
		CCE5D3B523BF3AD9007298EC = {
			isa = PBXGroup;
			children = (
				CCE5D3C023BF3AD9007298EC /* SceneKit_3DRobot_Control */,
				CCE5D3BF23BF3AD9007298EC /* Products */,
			);
			sourceTree = "<group>";
		};
		CCE5D3BF23BF3AD9007298EC /* Products */ = {
			isa = PBXGroup;
			children = (
				CCE5D3BE23BF3AD9007298EC /* SceneKit_3DRobot_Control.app */,
			);
			name = Products;
			sourceTree = "<group>";
		};
		CCE5D3C023BF3AD9007298EC /* SceneKit_3DRobot_Control */ = {
			isa = PBXGroup;
			children = (
				CCE5D3D923BF3B1A007298EC /* Classes */,
				CCE5D3C123BF3AD9007298EC /* AppDelegate.h */,
				CCE5D3C223BF3AD9007298EC /* AppDelegate.m */,
				CCE5D3C423BF3AD9007298EC /* art.scnassets */,
				CCE5D3C623BF3AD9007298EC /* GameViewController.h */,
				CCE5D3C723BF3AD9007298EC /* GameViewController.m */,
				CCE5D3C923BF3AD9007298EC /* Main.storyboard */,
				CCE5D3CC23BF3ADA007298EC /* Assets.xcassets */,
				CCE5D3CE23BF3ADA007298EC /* LaunchScreen.storyboard */,
				CCE5D3D123BF3ADA007298EC /* Info.plist */,
				CCE5D3D223BF3ADA007298EC /* main.m */,
			);
			path = SceneKit_3DRobot_Control;
			sourceTree = "<group>";
		};
		CCE5D3D923BF3B1A007298EC /* Classes */ = {
			isa = PBXGroup;
			children = (
				CCE5D3DC23BF3B27007298EC /* HWCustomSlider.h */,
				CCE5D3DD23BF3B27007298EC /* HWCustomSlider.m */,
				CCE5D3DB23BF3B27007298EC /* MyNode.h */,
				CCE5D3DE23BF3B27007298EC /* MyNode.m */,
				CCE5D3DA23BF3B27007298EC /* node.plist */,
			);
			path = Classes;
			sourceTree = "<group>";
		};
/* End PBXGroup section */

/* Begin PBXNativeTarget section */
		CCE5D3BD23BF3AD9007298EC /* SceneKit_3DRobot_Control */ = {
			isa = PBXNativeTarget;
			buildConfigurationList = CCE5D3D623BF3ADA007298EC /* Build configuration list for PBXNativeTarget "SceneKit_3DRobot_Control" */;
			buildPhases = (
				CCE5D3BA23BF3AD9007298EC /* Sources */,
				CCE5D3BB23BF3AD9007298EC /* Frameworks */,
				CCE5D3BC23BF3AD9007298EC /* Resources */,
			);
			buildRules = (
			);
			dependencies = (
			);
			name = SceneKit_3DRobot_Control;
			productName = SceneKit_3DRobot_Control;
			productReference = CCE5D3BE23BF3AD9007298EC /* SceneKit_3DRobot_Control.app */;
			productType = "com.apple.product-type.application";
		};
/* End PBXNativeTarget section */

/* Begin PBXProject section */
		CCE5D3B623BF3AD9007298EC /* Project object */ = {
			isa = PBXProject;
			attributes = {
				LastUpgradeCheck = 1120;
				ORGANIZATIONNAME = "xia luzheng";
				TargetAttributes = {
					CCE5D3BD23BF3AD9007298EC = {
						CreatedOnToolsVersion = 11.2.1;
					};
				};
			};
			buildConfigurationList = CCE5D3B923BF3AD9007298EC /* Build configuration list for PBXProject "SceneKit_3DRobot_Control" */;
			compatibilityVersion = "Xcode 9.3";
			developmentRegion = en;
			hasScannedForEncodings = 0;
			knownRegions = (
				en,
				Base,
			);
			mainGroup = CCE5D3B523BF3AD9007298EC;
			productRefGroup = CCE5D3BF23BF3AD9007298EC /* Products */;
			projectDirPath = "";
			projectRoot = "";
			targets = (
				CCE5D3BD23BF3AD9007298EC /* SceneKit_3DRobot_Control */,
			);
		};
/* End PBXProject section */

/* Begin PBXResourcesBuildPhase section */
		CCE5D3BC23BF3AD9007298EC /* Resources */ = {
			isa = PBXResourcesBuildPhase;
			buildActionMask = 2147483647;
			files = (
				CCE5D3C523BF3AD9007298EC /* art.scnassets in Resources */,
				CCE5D3D023BF3ADA007298EC /* LaunchScreen.storyboard in Resources */,
				CCE5D3DF23BF3B27007298EC /* node.plist in Resources */,
				CCE5D3CD23BF3ADA007298EC /* Assets.xcassets in Resources */,
				CCE5D3CB23BF3AD9007298EC /* Main.storyboard in Resources */,
			);
			runOnlyForDeploymentPostprocessing = 0;
		};
/* End PBXResourcesBuildPhase section */

/* Begin PBXSourcesBuildPhase section */
		CCE5D3BA23BF3AD9007298EC /* Sources */ = {
			isa = PBXSourcesBuildPhase;
			buildActionMask = 2147483647;
			files = (
				CCE5D3E023BF3B27007298EC /* HWCustomSlider.m in Sources */,
				CCE5D3C823BF3AD9007298EC /* GameViewController.m in Sources */,
				CCE5D3D323BF3ADA007298EC /* main.m in Sources */,
				CCE5D3C323BF3AD9007298EC /* AppDelegate.m in Sources */,
				CCE5D3E123BF3B27007298EC /* MyNode.m in Sources */,
			);
			runOnlyForDeploymentPostprocessing = 0;
		};
/* End PBXSourcesBuildPhase section */

/* Begin PBXVariantGroup section */
		CCE5D3C923BF3AD9007298EC /* Main.storyboard */ = {
			isa = PBXVariantGroup;
			children = (
				CCE5D3CA23BF3AD9007298EC /* Base */,
			);
			name = Main.storyboard;
			sourceTree = "<group>";
		};
		CCE5D3CE23BF3ADA007298EC /* LaunchScreen.storyboard */ = {
			isa = PBXVariantGroup;
			children = (
				CCE5D3CF23BF3ADA007298EC /* Base */,
			);
			name = LaunchScreen.storyboard;
			sourceTree = "<group>";
		};
/* End PBXVariantGroup section */

/* Begin XCBuildConfiguration section */
		CCE5D3D423BF3ADA007298EC /* Debug */ = {
			isa = XCBuildConfiguration;
			buildSettings = {
				ALWAYS_SEARCH_USER_PATHS = NO;
				CLANG_ANALYZER_NONNULL = YES;
				CLANG_ANALYZER_NUMBER_OBJECT_CONVERSION = YES_AGGRESSIVE;
				CLANG_CXX_LANGUAGE_STANDARD = "gnu++14";
				CLANG_CXX_LIBRARY = "libc++";
				CLANG_ENABLE_MODULES = YES;
				CLANG_ENABLE_OBJC_ARC = YES;
				CLANG_ENABLE_OBJC_WEAK = YES;
				CLANG_WARN_BLOCK_CAPTURE_AUTORELEASING = YES;
				CLANG_WARN_BOOL_CONVERSION = YES;
				CLANG_WARN_COMMA = YES;
				CLANG_WARN_CONSTANT_CONVERSION = YES;
				CLANG_WARN_DEPRECATED_OBJC_IMPLEMENTATIONS = YES;
				CLANG_WARN_DIRECT_OBJC_ISA_USAGE = YES_ERROR;
				CLANG_WARN_DOCUMENTATION_COMMENTS = YES;
				CLANG_WARN_EMPTY_BODY = YES;
				CLANG_WARN_ENUM_CONVERSION = YES;
				CLANG_WARN_INFINITE_RECURSION = YES;
				CLANG_WARN_INT_CONVERSION = YES;
				CLANG_WARN_NON_LITERAL_NULL_CONVERSION = YES;
				CLANG_WARN_OBJC_IMPLICIT_RETAIN_SELF = YES;
				CLANG_WARN_OBJC_LITERAL_CONVERSION = YES;
				CLANG_WARN_OBJC_ROOT_CLASS = YES_ERROR;
				CLANG_WARN_RANGE_LOOP_ANALYSIS = YES;
				CLANG_WARN_STRICT_PROTOTYPES = YES;
				CLANG_WARN_SUSPICIOUS_MOVE = YES;
				CLANG_WARN_UNGUARDED_AVAILABILITY = YES_AGGRESSIVE;
				CLANG_WARN_UNREACHABLE_CODE = YES;
				CLANG_WARN__DUPLICATE_METHOD_MATCH = YES;
				COPY_PHASE_STRIP = NO;
				DEBUG_INFORMATION_FORMAT = dwarf;
				ENABLE_STRICT_OBJC_MSGSEND = YES;
				ENABLE_TESTABILITY = YES;
				GCC_C_LANGUAGE_STANDARD = gnu11;
				GCC_DYNAMIC_NO_PIC = NO;
				GCC_NO_COMMON_BLOCKS = YES;
				GCC_OPTIMIZATION_LEVEL = 0;
				GCC_PREPROCESSOR_DEFINITIONS = (
					"DEBUG=1",
					"$(inherited)",
				);
				GCC_WARN_64_TO_32_BIT_CONVERSION = YES;
				GCC_WARN_ABOUT_RETURN_TYPE = YES_ERROR;
				GCC_WARN_UNDECLARED_SELECTOR = YES;
				GCC_WARN_UNINITIALIZED_AUTOS = YES_AGGRESSIVE;
				GCC_WARN_UNUSED_FUNCTION = YES;
				GCC_WARN_UNUSED_VARIABLE = YES;
				IPHONEOS_DEPLOYMENT_TARGET = 13.2;
				MTL_ENABLE_DEBUG_INFO = INCLUDE_SOURCE;
				MTL_FAST_MATH = YES;
				ONLY_ACTIVE_ARCH = YES;
				SDKROOT = iphoneos;
			};
			name = Debug;
		};
		CCE5D3D523BF3ADA007298EC /* Release */ = {
			isa = XCBuildConfiguration;
			buildSettings = {
				ALWAYS_SEARCH_USER_PATHS = NO;
				CLANG_ANALYZER_NONNULL = YES;
				CLANG_ANALYZER_NUMBER_OBJECT_CONVERSION = YES_AGGRESSIVE;
				CLANG_CXX_LANGUAGE_STANDARD = "gnu++14";
				CLANG_CXX_LIBRARY = "libc++";
				CLANG_ENABLE_MODULES = YES;
				CLANG_ENABLE_OBJC_ARC = YES;
				CLANG_ENABLE_OBJC_WEAK = YES;
				CLANG_WARN_BLOCK_CAPTURE_AUTORELEASING = YES;
				CLANG_WARN_BOOL_CONVERSION = YES;
				CLANG_WARN_COMMA = YES;
				CLANG_WARN_CONSTANT_CONVERSION = YES;
				CLANG_WARN_DEPRECATED_OBJC_IMPLEMENTATIONS = YES;
				CLANG_WARN_DIRECT_OBJC_ISA_USAGE = YES_ERROR;
				CLANG_WARN_DOCUMENTATION_COMMENTS = YES;
				CLANG_WARN_EMPTY_BODY = YES;
				CLANG_WARN_ENUM_CONVERSION = YES;
				CLANG_WARN_INFINITE_RECURSION = YES;
				CLANG_WARN_INT_CONVERSION = YES;
				CLANG_WARN_NON_LITERAL_NULL_CONVERSION = YES;
				CLANG_WARN_OBJC_IMPLICIT_RETAIN_SELF = YES;
				CLANG_WARN_OBJC_LITERAL_CONVERSION = YES;
				CLANG_WARN_OBJC_ROOT_CLASS = YES_ERROR;
				CLANG_WARN_RANGE_LOOP_ANALYSIS = YES;
				CLANG_WARN_STRICT_PROTOTYPES = YES;
				CLANG_WARN_SUSPICIOUS_MOVE = YES;
				CLANG_WARN_UNGUARDED_AVAILABILITY = YES_AGGRESSIVE;
				CLANG_WARN_UNREACHABLE_CODE = YES;
				CLANG_WARN__DUPLICATE_METHOD_MATCH = YES;
				COPY_PHASE_STRIP = NO;
				DEBUG_INFORMATION_FORMAT = "dwarf-with-dsym";
				ENABLE_NS_ASSERTIONS = NO;
				ENABLE_STRICT_OBJC_MSGSEND = YES;
				GCC_C_LANGUAGE_STANDARD = gnu11;
				GCC_NO_COMMON_BLOCKS = YES;
				GCC_WARN_64_TO_32_BIT_CONVERSION = YES;
				GCC_WARN_ABOUT_RETURN_TYPE = YES_ERROR;
				GCC_WARN_UNDECLARED_SELECTOR = YES;
				GCC_WARN_UNINITIALIZED_AUTOS = YES_AGGRESSIVE;
				GCC_WARN_UNUSED_FUNCTION = YES;
				GCC_WARN_UNUSED_VARIABLE = YES;
				IPHONEOS_DEPLOYMENT_TARGET = 13.2;
				MTL_ENABLE_DEBUG_INFO = NO;
				MTL_FAST_MATH = YES;
				SDKROOT = iphoneos;
				VALIDATE_PRODUCT = YES;
			};
			name = Release;
		};
		CCE5D3D723BF3ADA007298EC /* Debug */ = {
			isa = XCBuildConfiguration;
			buildSettings = {
				ASSETCATALOG_COMPILER_APPICON_NAME = AppIcon;
				CODE_SIGN_STYLE = Automatic;
				DEVELOPMENT_TEAM = S993VCFF58;
				INFOPLIST_FILE = SceneKit_3DRobot_Control/Info.plist;
				LD_RUNPATH_SEARCH_PATHS = (
					"$(inherited)",
					"@executable_path/Frameworks",
				);
				PRODUCT_BUNDLE_IDENTIFIER = "com.HiWonder.SceneKit-3DRobot-Control";
				PRODUCT_NAME = "$(TARGET_NAME)";
				TARGETED_DEVICE_FAMILY = "1,2";
			};
			name = Debug;
		};
		CCE5D3D823BF3ADA007298EC /* Release */ = {
			isa = XCBuildConfiguration;
			buildSettings = {
				ASSETCATALOG_COMPILER_APPICON_NAME = AppIcon;
				CODE_SIGN_STYLE = Automatic;
				DEVELOPMENT_TEAM = S993VCFF58;
				INFOPLIST_FILE = SceneKit_3DRobot_Control/Info.plist;
				LD_RUNPATH_SEARCH_PATHS = (
					"$(inherited)",
					"@executable_path/Frameworks",
				);
				PRODUCT_BUNDLE_IDENTIFIER = "com.HiWonder.SceneKit-3DRobot-Control";
				PRODUCT_NAME = "$(TARGET_NAME)";
				TARGETED_DEVICE_FAMILY = "1,2";
			};
			name = Release;
		};
/* End XCBuildConfiguration section */

/* Begin XCConfigurationList section */
		CCE5D3B923BF3AD9007298EC /* Build configuration list for PBXProject "SceneKit_3DRobot_Control" */ = {
			isa = XCConfigurationList;
			buildConfigurations = (
				CCE5D3D423BF3ADA007298EC /* Debug */,
				CCE5D3D523BF3ADA007298EC /* Release */,
			);
			defaultConfigurationIsVisible = 0;
			defaultConfigurationName = Release;
		};
		CCE5D3D623BF3ADA007298EC /* Build configuration list for PBXNativeTarget "SceneKit_3DRobot_Control" */ = {
			isa = XCConfigurationList;
			buildConfigurations = (
				CCE5D3D723BF3ADA007298EC /* Debug */,
				CCE5D3D823BF3ADA007298EC /* Release */,
			);
			defaultConfigurationIsVisible = 0;
			defaultConfigurationName = Release;
		};
/* End XCConfigurationList section */
	};
	rootObject = CCE5D3B623BF3AD9007298EC /* Project object */;
}
